
Microsoft Visual Studio Solution File, Format Version 12.00
# Visual Studio Version 16
VisualStudioVersion = 16.0.31424.327
MinimumVisualStudioVersion = 10.0.40219.1
Project("{FAE04EC0-301F-11D3-BF4B-00C04F79EFBC}") = "IlkelVeriTipleri", "IlkelVeriTipleri\IlkelVeriTipleri.csproj", "{055E1F7E-0971-4A97-A4DF-88F5128C6DDC}"
EndProject
Global
	GlobalSection(SolutionConfigurationPlatforms) = preSolution
		Debug|Any CPU = Debug|Any CPU
		Release|Any CPU = Release|Any CPU
	EndGlobalSection
	GlobalSection(ProjectConfigurationPlatforms) = postSolution
		{055E1F7E-0971-4A97-A4DF-88F5128C6DDC}.Debug|Any CPU.ActiveCfg = Debug|Any CPU
		{055E1F7E-0971-4A97-A4DF-88F5128C6DDC}.Debug|Any CPU.Build.0 = Debug|Any CPU
		{055E1F7E-0971-4A97-A4DF-88F5128C6DDC}.Release|Any CPU.ActiveCfg = Release|Any CPU
		{055E1F7E-0971-4A97-A4DF-88F5128C6DDC}.Release|Any CPU.Build.0 = Release|Any CPU
	EndGlobalSection
	GlobalSection(SolutionProperties) = preSolution
		HideSolutionNode = FALSE
	EndGlobalSection
	GlobalSection(ExtensibilityGlobals) = postSolution
		SolutionGuid = {6E245EAA-9A34-4DAD-87A8-D92B57834BF6}
	EndGlobalSection
EndGlobal
