
Microsoft Visual Studio Solution File, Format Version 12.00
# Visual Studio Version 16
VisualStudioVersion = 16.0.31424.327
MinimumVisualStudioVersion = 10.0.40219.1
Project("{FAE04EC0-301F-11D3-BF4B-00C04F79EFBC}") = "OzelVeriTipleri", "OzelVeriTipleri\OzelVeriTipleri.csproj", "{B961A19A-1750-4E63-87A0-0596E57AFEA1}"
EndProject
Global
	GlobalSection(SolutionConfigurationPlatforms) = preSolution
		Debug|Any CPU = Debug|Any CPU
		Release|Any CPU = Release|Any CPU
	EndGlobalSection
	GlobalSection(ProjectConfigurationPlatforms) = postSolution
		{B961A19A-1750-4E63-87A0-0596E57AFEA1}.Debug|Any CPU.ActiveCfg = Debug|Any CPU
		{B961A19A-1750-4E63-87A0-0596E57AFEA1}.Debug|Any CPU.Build.0 = Debug|Any CPU
		{B961A19A-1750-4E63-87A0-0596E57AFEA1}.Release|Any CPU.ActiveCfg = Release|Any CPU
		{B961A19A-1750-4E63-87A0-0596E57AFEA1}.Release|Any CPU.Build.0 = Release|Any CPU
	EndGlobalSection
	GlobalSection(SolutionProperties) = preSolution
		HideSolutionNode = FALSE
	EndGlobalSection
	GlobalSection(ExtensibilityGlobals) = postSolution
		SolutionGuid = {CEDC4A77-2CEF-49FF-9929-8E706C2B0F11}
	EndGlobalSection
EndGlobal
