
Microsoft Visual Studio Solution File, Format Version 12.00
# Visual Studio Version 16
VisualStudioVersion = 16.0.31729.503
MinimumVisualStudioVersion = 10.0.40219.1
Project("{FAE04EC0-301F-11D3-BF4B-00C04F79EFBC}") = "Tanitim", "Tanitim\Tanitim.csproj", "{3BC788E6-D253-4AF4-82A5-200AF0E14A66}"
EndProject
Global
	GlobalSection(SolutionConfigurationPlatforms) = preSolution
		Debug|Any CPU = Debug|Any CPU
		Release|Any CPU = Release|Any CPU
	EndGlobalSection
	GlobalSection(ProjectConfigurationPlatforms) = postSolution
		{3BC788E6-D253-4AF4-82A5-200AF0E14A66}.Debug|Any CPU.ActiveCfg = Debug|Any CPU
		{3BC788E6-D253-4AF4-82A5-200AF0E14A66}.Debug|Any CPU.Build.0 = Debug|Any CPU
		{3BC788E6-D253-4AF4-82A5-200AF0E14A66}.Release|Any CPU.ActiveCfg = Release|Any CPU
		{3BC788E6-D253-4AF4-82A5-200AF0E14A66}.Release|Any CPU.Build.0 = Release|Any CPU
	EndGlobalSection
	GlobalSection(SolutionProperties) = preSolution
		HideSolutionNode = FALSE
	EndGlobalSection
	GlobalSection(ExtensibilityGlobals) = postSolution
		SolutionGuid = {BC98F6D9-95E4-4756-9782-F9E69FBC874A}
	EndGlobalSection
EndGlobal
