
Microsoft Visual Studio Solution File, Format Version 12.00
# Visual Studio Version 17
VisualStudioVersion = 17.0.31903.59
MinimumVisualStudioVersion = 10.0.40219.1
Project("{FAE04EC0-301F-11D3-BF4B-00C04F79EFBC}") = "Interface", "Interface\Interface.csproj", "{7D8F3AB8-753E-49C4-AA87-200E1A9A9584}"
EndProject
Global
	GlobalSection(SolutionConfigurationPlatforms) = preSolution
		Debug|Any CPU = Debug|Any CPU
		Release|Any CPU = Release|Any CPU
	EndGlobalSection
	GlobalSection(ProjectConfigurationPlatforms) = postSolution
		{7D8F3AB8-753E-49C4-AA87-200E1A9A9584}.Debug|Any CPU.ActiveCfg = Debug|Any CPU
		{7D8F3AB8-753E-49C4-AA87-200E1A9A9584}.Debug|Any CPU.Build.0 = Debug|Any CPU
		{7D8F3AB8-753E-49C4-AA87-200E1A9A9584}.Release|Any CPU.ActiveCfg = Release|Any CPU
		{7D8F3AB8-753E-49C4-AA87-200E1A9A9584}.Release|Any CPU.Build.0 = Release|Any CPU
	EndGlobalSection
	GlobalSection(SolutionProperties) = preSolution
		HideSolutionNode = FALSE
	EndGlobalSection
	GlobalSection(ExtensibilityGlobals) = postSolution
		SolutionGuid = {5DF70992-C9B7-4010-AFBB-40D08BDE7D8A}
	EndGlobalSection
EndGlobal
