
Microsoft Visual Studio Solution File, Format Version 12.00
# Visual Studio Version 16
VisualStudioVersion = 16.0.31729.503
MinimumVisualStudioVersion = 10.0.40219.1
Project("{FAE04EC0-301F-11D3-BF4B-00C04F79EFBC}") = "Kapsulleme", "Kapsulleme\Kapsulleme.csproj", "{44449956-26F8-44B7-A4D2-7754309B5353}"
EndProject
Global
	GlobalSection(SolutionConfigurationPlatforms) = preSolution
		Debug|Any CPU = Debug|Any CPU
		Release|Any CPU = Release|Any CPU
	EndGlobalSection
	GlobalSection(ProjectConfigurationPlatforms) = postSolution
		{44449956-26F8-44B7-A4D2-7754309B5353}.Debug|Any CPU.ActiveCfg = Debug|Any CPU
		{44449956-26F8-44B7-A4D2-7754309B5353}.Debug|Any CPU.Build.0 = Debug|Any CPU
		{44449956-26F8-44B7-A4D2-7754309B5353}.Release|Any CPU.ActiveCfg = Release|Any CPU
		{44449956-26F8-44B7-A4D2-7754309B5353}.Release|Any CPU.Build.0 = Release|Any CPU
	EndGlobalSection
	GlobalSection(SolutionProperties) = preSolution
		HideSolutionNode = FALSE
	EndGlobalSection
	GlobalSection(ExtensibilityGlobals) = postSolution
		SolutionGuid = {75C937AD-807A-4F81-BCBD-AAE6B17BA4E0}
	EndGlobalSection
EndGlobal
