
Microsoft Visual Studio Solution File, Format Version 12.00
# Visual Studio Version 17
VisualStudioVersion = 17.0.31903.59
MinimumVisualStudioVersion = 10.0.40219.1
Project("{FAE04EC0-301F-11D3-BF4B-00C04F79EFBC}") = "Kalitimm", "Kalitimm\Kalitimm.csproj", "{A4316B6C-7B91-4DAE-8145-DE758A117A8D}"
EndProject
Global
	GlobalSection(SolutionConfigurationPlatforms) = preSolution
		Debug|Any CPU = Debug|Any CPU
		Release|Any CPU = Release|Any CPU
	EndGlobalSection
	GlobalSection(ProjectConfigurationPlatforms) = postSolution
		{A4316B6C-7B91-4DAE-8145-DE758A117A8D}.Debug|Any CPU.ActiveCfg = Debug|Any CPU
		{A4316B6C-7B91-4DAE-8145-DE758A117A8D}.Debug|Any CPU.Build.0 = Debug|Any CPU
		{A4316B6C-7B91-4DAE-8145-DE758A117A8D}.Release|Any CPU.ActiveCfg = Release|Any CPU
		{A4316B6C-7B91-4DAE-8145-DE758A117A8D}.Release|Any CPU.Build.0 = Release|Any CPU
	EndGlobalSection
	GlobalSection(SolutionProperties) = preSolution
		HideSolutionNode = FALSE
	EndGlobalSection
	GlobalSection(ExtensibilityGlobals) = postSolution
		SolutionGuid = {73472AA7-D295-42E8-8300-23F46CA3EB46}
	EndGlobalSection
EndGlobal
