
Microsoft Visual Studio Solution File, Format Version 12.00
# Visual Studio Version 16
VisualStudioVersion = 16.0.31829.152
MinimumVisualStudioVersion = 10.0.40219.1
Project("{FAE04EC0-301F-11D3-BF4B-00C04F79EFBC}") = "Fatura", "Fatura\Fatura.csproj", "{049F0812-49CC-4CC5-B6F6-A98ED8294A55}"
EndProject
Global
	GlobalSection(SolutionConfigurationPlatforms) = preSolution
		Debug|Any CPU = Debug|Any CPU
		Release|Any CPU = Release|Any CPU
	EndGlobalSection
	GlobalSection(ProjectConfigurationPlatforms) = postSolution
		{049F0812-49CC-4CC5-B6F6-A98ED8294A55}.Debug|Any CPU.ActiveCfg = Debug|Any CPU
		{049F0812-49CC-4CC5-B6F6-A98ED8294A55}.Debug|Any CPU.Build.0 = Debug|Any CPU
		{049F0812-49CC-4CC5-B6F6-A98ED8294A55}.Release|Any CPU.ActiveCfg = Release|Any CPU
		{049F0812-49CC-4CC5-B6F6-A98ED8294A55}.Release|Any CPU.Build.0 = Release|Any CPU
	EndGlobalSection
	GlobalSection(SolutionProperties) = preSolution
		HideSolutionNode = FALSE
	EndGlobalSection
	GlobalSection(ExtensibilityGlobals) = postSolution
		SolutionGuid = {FB5A51CC-AF7C-4537-B402-214FF82C38C5}
	EndGlobalSection
EndGlobal
