
Microsoft Visual Studio Solution File, Format Version 12.00
# Visual Studio Version 16
VisualStudioVersion = 16.0.31729.503
MinimumVisualStudioVersion = 10.0.40219.1
Project("{FAE04EC0-301F-11D3-BF4B-00C04F79EFBC}") = "HesapMakinesi", "HesapMakinesi\HesapMakinesi.csproj", "{72651C97-3585-4BF5-9E8C-0642942174B7}"
EndProject
Global
	GlobalSection(SolutionConfigurationPlatforms) = preSolution
		Debug|Any CPU = Debug|Any CPU
		Release|Any CPU = Release|Any CPU
	EndGlobalSection
	GlobalSection(ProjectConfigurationPlatforms) = postSolution
		{72651C97-3585-4BF5-9E8C-0642942174B7}.Debug|Any CPU.ActiveCfg = Debug|Any CPU
		{72651C97-3585-4BF5-9E8C-0642942174B7}.Debug|Any CPU.Build.0 = Debug|Any CPU
		{72651C97-3585-4BF5-9E8C-0642942174B7}.Release|Any CPU.ActiveCfg = Release|Any CPU
		{72651C97-3585-4BF5-9E8C-0642942174B7}.Release|Any CPU.Build.0 = Release|Any CPU
	EndGlobalSection
	GlobalSection(SolutionProperties) = preSolution
		HideSolutionNode = FALSE
	EndGlobalSection
	GlobalSection(ExtensibilityGlobals) = postSolution
		SolutionGuid = {372B820D-D7D2-4F9B-BDD2-19861A9AD278}
	EndGlobalSection
EndGlobal
