
Microsoft Visual Studio Solution File, Format Version 12.00
# Visual Studio Version 17
VisualStudioVersion = 17.0.31903.59
MinimumVisualStudioVersion = 10.0.40219.1
Project("{FAE04EC0-301F-11D3-BF4B-00C04F79EFBC}") = "Ilk_Mvc_Projesi", "Ilk_Mvc_Projesi\Ilk_Mvc_Projesi.csproj", "{AB561644-7D3D-4C68-945B-8BCD511CF60C}"
EndProject
Global
	GlobalSection(SolutionConfigurationPlatforms) = preSolution
		Debug|Any CPU = Debug|Any CPU
		Release|Any CPU = Release|Any CPU
	EndGlobalSection
	GlobalSection(ProjectConfigurationPlatforms) = postSolution
		{AB561644-7D3D-4C68-945B-8BCD511CF60C}.Debug|Any CPU.ActiveCfg = Debug|Any CPU
		{AB561644-7D3D-4C68-945B-8BCD511CF60C}.Debug|Any CPU.Build.0 = Debug|Any CPU
		{AB561644-7D3D-4C68-945B-8BCD511CF60C}.Release|Any CPU.ActiveCfg = Release|Any CPU
		{AB561644-7D3D-4C68-945B-8BCD511CF60C}.Release|Any CPU.Build.0 = Release|Any CPU
	EndGlobalSection
	GlobalSection(SolutionProperties) = preSolution
		HideSolutionNode = FALSE
	EndGlobalSection
	GlobalSection(ExtensibilityGlobals) = postSolution
		SolutionGuid = {66642931-0FDD-4B9A-A863-9D44530597AC}
	EndGlobalSection
EndGlobal
