
Microsoft Visual Studio Solution File, Format Version 12.00
# Visual Studio Version 17
VisualStudioVersion = 17.0.31903.59
MinimumVisualStudioVersion = 10.0.40219.1
Project("{9A19103F-16F7-4668-BE54-9A1E7A4F7556}") = "Ilk_Mvc_Projesi", "Ilk_Mvc_Projesi\Ilk_Mvc_Projesi.csproj", "{AB561644-7D3D-4C68-945B-8BCD511CF60C}"
EndProject
Project("{9A19103F-16F7-4668-BE54-9A1E7A4F7556}") = "LayoutKullanimi", "LayoutKullanimi\LayoutKullanimi.csproj", "{27A5CD4A-2E49-497C-8F44-78715E4DDC28}"
EndProject
Project("{9A19103F-16F7-4668-BE54-9A1E7A4F7556}") = "ItServiceApp", "ItServiceApp\ItServiceApp.csproj", "{7AA16901-B15C-42FB-A72B-A6099C5F9243}"
EndProject
Project("{2150E333-8FDC-42A3-9474-1A3956D46DE8}") = "1", "1", "{452B9DDD-4217-4E65-9DE4-5829E62B6FCF}"
EndProject
Project("{2150E333-8FDC-42A3-9474-1A3956D46DE8}") = "2", "2", "{3FDC4207-E73E-4886-88E4-6B196705C4B0}"
EndProject
Project("{2150E333-8FDC-42A3-9474-1A3956D46DE8}") = "3", "3", "{F3678367-E7F1-4D8F-B258-18A37EA1441E}"
EndProject
Project("{FAE04EC0-301F-11D3-BF4B-00C04F79EFBC}") = "ItServiceApp.Test", "ItServiceApp.Test\ItServiceApp.Test.csproj", "{8BAF1AFA-5DB0-4613-93F3-F69470E82570}"
EndProject
Global
	GlobalSection(SolutionConfigurationPlatforms) = preSolution
		Debug|Any CPU = Debug|Any CPU
		Release|Any CPU = Release|Any CPU
	EndGlobalSection
	GlobalSection(ProjectConfigurationPlatforms) = postSolution
		{AB561644-7D3D-4C68-945B-8BCD511CF60C}.Debug|Any CPU.ActiveCfg = Debug|Any CPU
		{AB561644-7D3D-4C68-945B-8BCD511CF60C}.Debug|Any CPU.Build.0 = Debug|Any CPU
		{AB561644-7D3D-4C68-945B-8BCD511CF60C}.Release|Any CPU.ActiveCfg = Release|Any CPU
		{AB561644-7D3D-4C68-945B-8BCD511CF60C}.Release|Any CPU.Build.0 = Release|Any CPU
		{27A5CD4A-2E49-497C-8F44-78715E4DDC28}.Debug|Any CPU.ActiveCfg = Debug|Any CPU
		{27A5CD4A-2E49-497C-8F44-78715E4DDC28}.Debug|Any CPU.Build.0 = Debug|Any CPU
		{27A5CD4A-2E49-497C-8F44-78715E4DDC28}.Release|Any CPU.ActiveCfg = Release|Any CPU
		{27A5CD4A-2E49-497C-8F44-78715E4DDC28}.Release|Any CPU.Build.0 = Release|Any CPU
		{7AA16901-B15C-42FB-A72B-A6099C5F9243}.Debug|Any CPU.ActiveCfg = Debug|Any CPU
		{7AA16901-B15C-42FB-A72B-A6099C5F9243}.Debug|Any CPU.Build.0 = Debug|Any CPU
		{7AA16901-B15C-42FB-A72B-A6099C5F9243}.Release|Any CPU.ActiveCfg = Release|Any CPU
		{7AA16901-B15C-42FB-A72B-A6099C5F9243}.Release|Any CPU.Build.0 = Release|Any CPU
		{8BAF1AFA-5DB0-4613-93F3-F69470E82570}.Debug|Any CPU.ActiveCfg = Debug|Any CPU
		{8BAF1AFA-5DB0-4613-93F3-F69470E82570}.Debug|Any CPU.Build.0 = Debug|Any CPU
		{8BAF1AFA-5DB0-4613-93F3-F69470E82570}.Release|Any CPU.ActiveCfg = Release|Any CPU
		{8BAF1AFA-5DB0-4613-93F3-F69470E82570}.Release|Any CPU.Build.0 = Release|Any CPU
	EndGlobalSection
	GlobalSection(SolutionProperties) = preSolution
		HideSolutionNode = FALSE
	EndGlobalSection
	GlobalSection(NestedProjects) = preSolution
		{AB561644-7D3D-4C68-945B-8BCD511CF60C} = {452B9DDD-4217-4E65-9DE4-5829E62B6FCF}
		{27A5CD4A-2E49-497C-8F44-78715E4DDC28} = {3FDC4207-E73E-4886-88E4-6B196705C4B0}
		{7AA16901-B15C-42FB-A72B-A6099C5F9243} = {F3678367-E7F1-4D8F-B258-18A37EA1441E}
		{8BAF1AFA-5DB0-4613-93F3-F69470E82570} = {F3678367-E7F1-4D8F-B258-18A37EA1441E}
	EndGlobalSection
	GlobalSection(ExtensibilityGlobals) = postSolution
		SolutionGuid = {66642931-0FDD-4B9A-A863-9D44530597AC}
	EndGlobalSection
EndGlobal
